{
  "version": 4,
  "terraform_version": "1.7.0",
  "serial": 1,
  "lineage": "2fcbffa7-7c0f-aca4-8633-bb4864ead6af",
  "outputs": {
    "ubuntu_ami_data": {
      "value": {
        "architecture": "x86_64",
        "arn": "arn:aws:ec2:us-east-1::image/ami-07543813a68cc4fe9",
        "block_device_mappings": [
          {
            "device_name": "/dev/sda1",
            "ebs": {
              "delete_on_termination": "true",
              "encrypted": "false",
              "iops": "0",
              "snapshot_id": "snap-0be1d4c117d80ddf7",
              "throughput": "0",
              "volume_size": "8",
              "volume_type": "gp2"
            },
            "no_device": "",
            "virtual_name": ""
          },
          {
            "device_name": "/dev/sdb",
            "ebs": {},
            "no_device": "",
            "virtual_name": "ephemeral0"
          },
          {
            "device_name": "/dev/sdc",
            "ebs": {},
            "no_device": "",
            "virtual_name": "ephemeral1"
          }
        ],
        "boot_mode": "uefi-preferred",
        "creation_date": "2024-05-30T03:50:58.000Z",
        "deprecation_time": "2026-05-30T03:50:58.000Z",
        "description": "Canonical, Ubuntu, 22.04 LTS, amd64 jammy image build on 2024-05-30",
        "ena_support": true,
        "executable_users": null,
        "filter": [
          {
            "name": "name",
            "values": [
              "ubuntu/images/hvm-ssd/ubuntu-*-22.04-amd64-server-*"
            ]
          },
          {
            "name": "virtualization-type",
            "values": [
              "hvm"
            ]
          }
        ],
        "hypervisor": "xen",
        "id": "ami-07543813a68cc4fe9",
        "image_id": "ami-07543813a68cc4fe9",
        "image_location": "amazon/ubuntu/images/hvm-ssd/ubuntu-jammy-22.04-amd64-server-20240530",
        "image_owner_alias": "amazon",
        "image_type": "machine",
        "imds_support": "",
        "include_deprecated": false,
        "kernel_id": "",
        "most_recent": true,
        "name": "ubuntu/images/hvm-ssd/ubuntu-jammy-22.04-amd64-server-20240530",
        "name_regex": null,
        "owner_id": "099720109477",
        "owners": [
          "099720109477"
        ],
        "platform": "",
        "platform_details": "Linux/UNIX",
        "product_codes": [],
        "public": true,
        "ramdisk_id": "",
        "root_device_name": "/dev/sda1",
        "root_device_type": "ebs",
        "root_snapshot_id": "snap-0be1d4c117d80ddf7",
        "sriov_net_support": "simple",
        "state": "available",
        "state_reason": {
          "code": "UNSET",
          "message": "UNSET"
        },
        "tags": {},
        "timeouts": null,
        "tpm_support": "",
        "usage_operation": "RunInstances",
        "virtualization_type": "hvm"
      },
      "type": [
        "object",
        {
          "architecture": "string",
          "arn": "string",
          "block_device_mappings": [
            "set",
            [
              "object",
              {
                "device_name": "string",
                "ebs": [
                  "map",
                  "string"
                ],
                "no_device": "string",
                "virtual_name": "string"
              }
            ]
          ],
          "boot_mode": "string",
          "creation_date": "string",
          "deprecation_time": "string",
          "description": "string",
          "ena_support": "bool",
          "executable_users": [
            "list",
            "string"
          ],
          "filter": [
            "set",
            [
              "object",
              {
                "name": "string",
                "values": [
                  "set",
                  "string"
                ]
              }
            ]
          ],
          "hypervisor": "string",
          "id": "string",
          "image_id": "string",
          "image_location": "string",
          "image_owner_alias": "string",
          "image_type": "string",
          "imds_support": "string",
          "include_deprecated": "bool",
          "kernel_id": "string",
          "most_recent": "bool",
          "name": "string",
          "name_regex": "string",
          "owner_id": "string",
          "owners": [
            "list",
            "string"
          ],
          "platform": "string",
          "platform_details": "string",
          "product_codes": [
            "set",
            [
              "object",
              {
                "product_code_id": "string",
                "product_code_type": "string"
              }
            ]
          ],
          "public": "bool",
          "ramdisk_id": "string",
          "root_device_name": "string",
          "root_device_type": "string",
          "root_snapshot_id": "string",
          "sriov_net_support": "string",
          "state": "string",
          "state_reason": [
            "map",
            "string"
          ],
          "tags": [
            "map",
            "string"
          ],
          "timeouts": [
            "object",
            {
              "read": "string"
            }
          ],
          "tpm_support": "string",
          "usage_operation": "string",
          "virtualization_type": "string"
        }
      ]
    }
  },
  "resources": [
    {
      "mode": "data",
      "type": "aws_ami",
      "name": "ubuntu",
      "provider": "provider[\"registry.terraform.io/hashicorp/aws\"]",
      "instances": [
        {
          "schema_version": 0,
          "attributes": {
            "architecture": "x86_64",
            "arn": "arn:aws:ec2:us-east-1::image/ami-07543813a68cc4fe9",
            "block_device_mappings": [
              {
                "device_name": "/dev/sda1",
                "ebs": {
                  "delete_on_termination": "true",
                  "encrypted": "false",
                  "iops": "0",
                  "snapshot_id": "snap-0be1d4c117d80ddf7",
                  "throughput": "0",
                  "volume_size": "8",
                  "volume_type": "gp2"
                },
                "no_device": "",
                "virtual_name": ""
              },
              {
                "device_name": "/dev/sdb",
                "ebs": {},
                "no_device": "",
                "virtual_name": "ephemeral0"
              },
              {
                "device_name": "/dev/sdc",
                "ebs": {},
                "no_device": "",
                "virtual_name": "ephemeral1"
              }
            ],
            "boot_mode": "uefi-preferred",
            "creation_date": "2024-05-30T03:50:58.000Z",
            "deprecation_time": "2026-05-30T03:50:58.000Z",
            "description": "Canonical, Ubuntu, 22.04 LTS, amd64 jammy image build on 2024-05-30",
            "ena_support": true,
            "executable_users": null,
            "filter": [
              {
                "name": "name",
                "values": [
                  "ubuntu/images/hvm-ssd/ubuntu-*-22.04-amd64-server-*"
                ]
              },
              {
                "name": "virtualization-type",
                "values": [
                  "hvm"
                ]
              }
            ],
            "hypervisor": "xen",
            "id": "ami-07543813a68cc4fe9",
            "image_id": "ami-07543813a68cc4fe9",
            "image_location": "amazon/ubuntu/images/hvm-ssd/ubuntu-jammy-22.04-amd64-server-20240530",
            "image_owner_alias": "amazon",
            "image_type": "machine",
            "imds_support": "",
            "include_deprecated": false,
            "kernel_id": "",
            "most_recent": true,
            "name": "ubuntu/images/hvm-ssd/ubuntu-jammy-22.04-amd64-server-20240530",
            "name_regex": null,
            "owner_id": "099720109477",
            "owners": [
              "099720109477"
            ],
            "platform": "",
            "platform_details": "Linux/UNIX",
            "product_codes": [],
            "public": true,
            "ramdisk_id": "",
            "root_device_name": "/dev/sda1",
            "root_device_type": "ebs",
            "root_snapshot_id": "snap-0be1d4c117d80ddf7",
            "sriov_net_support": "simple",
            "state": "available",
            "state_reason": {
              "code": "UNSET",
              "message": "UNSET"
            },
            "tags": {},
            "timeouts": null,
            "tpm_support": "",
            "usage_operation": "RunInstances",
            "virtualization_type": "hvm"
          },
          "sensitive_attributes": []
        }
      ]
    },
    {
      "mode": "managed",
      "type": "aws_instance",
      "name": "web",
      "provider": "provider[\"registry.terraform.io/hashicorp/aws\"]",
      "instances": [
        {
          "schema_version": 1,
          "attributes": {
            "ami": "ami-07543813a68cc4fe9",
            "arn": "arn:aws:ec2:us-east-1:975049900198:instance/i-0dd05943e8df204c7",
            "associate_public_ip_address": true,
            "availability_zone": "us-east-1a",
            "capacity_reservation_specification": [
              {
                "capacity_reservation_preference": "open",
                "capacity_reservation_target": []
              }
            ],
            "cpu_core_count": 1,
            "cpu_options": [
              {
                "amd_sev_snp": "",
                "core_count": 1,
                "threads_per_core": 1
              }
            ],
            "cpu_threads_per_core": 1,
            "credit_specification": [
              {
                "cpu_credits": "standard"
              }
            ],
            "disable_api_stop": false,
            "disable_api_termination": false,
            "ebs_block_device": [],
            "ebs_optimized": false,
            "enclave_options": [
              {
                "enabled": false
              }
            ],
            "ephemeral_block_device": [],
            "get_password_data": false,
            "hibernation": false,
            "host_id": "",
            "host_resource_group_arn": null,
            "iam_instance_profile": "",
            "id": "i-0dd05943e8df204c7",
            "instance_initiated_shutdown_behavior": "stop",
            "instance_lifecycle": "",
            "instance_market_options": [],
            "instance_state": "running",
            "instance_type": "t2.micro",
            "ipv6_address_count": 0,
            "ipv6_addresses": [],
            "key_name": "",
            "launch_template": [],
            "maintenance_options": [
              {
                "auto_recovery": "default"
              }
            ],
            "metadata_options": [
              {
                "http_endpoint": "enabled",
                "http_protocol_ipv6": "disabled",
                "http_put_response_hop_limit": 1,
                "http_tokens": "optional",
                "instance_metadata_tags": "disabled"
              }
            ],
            "monitoring": false,
            "network_interface": [],
            "outpost_arn": "",
            "password_data": "",
            "placement_group": "",
            "placement_partition_number": 0,
            "primary_network_interface_id": "eni-0550ceeb3a2e3eff4",
            "private_dns": "ip-172-31-31-31.ec2.internal",
            "private_dns_name_options": [
              {
                "enable_resource_name_dns_a_record": false,
                "enable_resource_name_dns_aaaa_record": false,
                "hostname_type": "ip-name"
              }
            ],
            "private_ip": "172.31.31.31",
            "public_dns": "ec2-107-21-75-62.compute-1.amazonaws.com",
            "public_ip": "107.21.75.62",
            "root_block_device": [
              {
                "delete_on_termination": true,
                "device_name": "/dev/sda1",
                "encrypted": false,
                "iops": 100,
                "kms_key_id": "",
                "tags": null,
                "tags_all": {},
                "throughput": 0,
                "volume_id": "vol-07bdf62672568cb20",
                "volume_size": 10,
                "volume_type": "gp2"
              }
            ],
            "secondary_private_ips": [],
            "security_groups": [
              "default"
            ],
            "source_dest_check": true,
            "spot_instance_request_id": "",
            "subnet_id": "subnet-02fa3ee66618b0bb6",
            "tags": null,
            "tags_all": {},
            "tenancy": "default",
            "timeouts": null,
            "user_data": null,
            "user_data_base64": null,
            "user_data_replace_on_change": false,
            "volume_tags": null,
            "vpc_security_group_ids": [
              "sg-052b327e093ca74b6"
            ]
          },
          "sensitive_attributes": [],
          "private": "eyJlMmJmYjczMC1lY2FhLTExZTYtOGY4OC0zNDM2M2JjN2M0YzAiOnsiY3JlYXRlIjo2MDAwMDAwMDAwMDAsImRlbGV0ZSI6MTIwMDAwMDAwMDAwMCwicmVhZCI6OTAwMDAwMDAwMDAwLCJ1cGRhdGUiOjYwMDAwMDAwMDAwMH0sInNjaGVtYV92ZXJzaW9uIjoiMSJ9",
          "dependencies": [
            "data.aws_ami.ubuntu"
          ]
        }
      ]
    }
  ],
  "check_results": null
}
